<?xml version="1.0" encoding="utf-8"?>
<Project ToolsVersion="4.0" xmlns="http://schemas.microsoft.com/developer/msbuild/2003">
  <ItemGroup>
    <Filter Include="core">
      <UniqueIdentifier>{9b7c64b5-e81a-47f1-a36a-8149c8960a4f}</UniqueIdentifier>
    </Filter>
    <Filter Include="x86">
      <UniqueIdentifier>{d737f88b-1bbe-4954-bf5b-a4a066dfb0ee}</UniqueIdentifier>
    </Filter>
  </ItemGroup>
  <ItemGroup>
    <ClInclude Include="asmjit\asmjit.h" />
    <ClInclude Include="asmjit\asmjit-scope-begin.h" />
    <ClInclude Include="asmjit\asmjit-scope-end.h" />
    <ClInclude Include="asmjit\core.h" />
    <ClInclude Include="asmjit\x86.h" />
    <ClInclude Include="asmjit\x86\x86formatter_p.h">
      <Filter>x86</Filter>
    </ClInclude>
    <ClInclude Include="asmjit\x86\x86func_p.h">
      <Filter>x86</Filter>
    </ClInclude>
    <ClInclude Include="asmjit\x86\x86globals.h">
      <Filter>x86</Filter>
    </ClInclude>
    <ClInclude Include="asmjit\x86\x86instapi_p.h">
      <Filter>x86</Filter>
    </ClInclude>
    <ClInclude Include="asmjit\x86\x86instdb.h">
      <Filter>x86</Filter>
    </ClInclude>
    <ClInclude Include="asmjit\x86\x86instdb_p.h">
      <Filter>x86</Filter>
    </ClInclude>
    <ClInclude Include="asmjit\x86\x86opcode_p.h">
      <Filter>x86</Filter>
    </ClInclude>
    <ClInclude Include="asmjit\x86\x86operand.h">
      <Filter>x86</Filter>
    </ClInclude>
    <ClInclude Include="asmjit\x86\x86rapass_p.h">
      <Filter>x86</Filter>
    </ClInclude>
    <ClInclude Include="asmjit\x86\x86archtraits_p.h">
      <Filter>x86</Filter>
    </ClInclude>
    <ClInclude Include="asmjit\x86\x86assembler.h">
      <Filter>x86</Filter>
    </ClInclude>
    <ClInclude Include="asmjit\x86\x86builder.h">
      <Filter>x86</Filter>
    </ClInclude>
    <ClInclude Include="asmjit\x86\x86compiler.h">
      <Filter>x86</Filter>
    </ClInclude>
    <ClInclude Include="asmjit\x86\x86emithelper_p.h">
      <Filter>x86</Filter>
    </ClInclude>
    <ClInclude Include="asmjit\x86\x86emitter.h">
      <Filter>x86</Filter>
    </ClInclude>
    <ClInclude Include="asmjit\core\assembler.h">
      <Filter>core</Filter>
    </ClInclude>
    <ClInclude Include="asmjit\core\builder.h">
      <Filter>core</Filter>
    </ClInclude>
    <ClInclude Include="asmjit\core\codebuffer.h">
      <Filter>core</Filter>
    </ClInclude>
    <ClInclude Include="asmjit\core\codeholder.h">
      <Filter>core</Filter>
    </ClInclude>
    <ClInclude Include="asmjit\core\codewriter_p.h">
      <Filter>core</Filter>
    </ClInclude>
    <ClInclude Include="asmjit\core\compiler.h">
      <Filter>core</Filter>
    </ClInclude>
    <ClInclude Include="asmjit\core\compilerdefs.h">
      <Filter>core</Filter>
    </ClInclude>
    <ClInclude Include="asmjit\core\constpool.h">
      <Filter>core</Filter>
    </ClInclude>
    <ClInclude Include="asmjit\core\cpuinfo.h">
      <Filter>core</Filter>
    </ClInclude>
    <ClInclude Include="asmjit\core\emithelper_p.h">
      <Filter>core</Filter>
    </ClInclude>
    <ClInclude Include="asmjit\core\emitter.h">
      <Filter>core</Filter>
    </ClInclude>
    <ClInclude Include="asmjit\core\emitterutils_p.h">
      <Filter>core</Filter>
    </ClInclude>
    <ClInclude Include="asmjit\core\environment.h">
      <Filter>core</Filter>
    </ClInclude>
    <ClInclude Include="asmjit\core\errorhandler.h">
      <Filter>core</Filter>
    </ClInclude>
    <ClInclude Include="asmjit\core\formatter.h">
      <Filter>core</Filter>
    </ClInclude>
    <ClInclude Include="asmjit\core\func.h">
      <Filter>core</Filter>
    </ClInclude>
    <ClInclude Include="asmjit\core\funcargscontext_p.h">
      <Filter>core</Filter>
    </ClInclude>
    <ClInclude Include="asmjit\core\globals.h">
      <Filter>core</Filter>
    </ClInclude>
    <ClInclude Include="asmjit\core\inst.h">
      <Filter>core</Filter>
    </ClInclude>
    <ClInclude Include="asmjit\core\jitallocator.h">
      <Filter>core</Filter>
    </ClInclude>
    <ClInclude Include="asmjit\core\jitruntime.h">
      <Filter>core</Filter>
    </ClInclude>
    <ClInclude Include="asmjit\core\logger.h">
      <Filter>core</Filter>
    </ClInclude>
    <ClInclude Include="asmjit\core\misc_p.h">
      <Filter>core</Filter>
    </ClInclude>
    <ClInclude Include="asmjit\core\operand.h">
      <Filter>core</Filter>
    </ClInclude>
    <ClInclude Include="asmjit\core\osutils.h">
      <Filter>core</Filter>
    </ClInclude>
    <ClInclude Include="asmjit\core\osutils_p.h">
      <Filter>core</Filter>
    </ClInclude>
    <ClInclude Include="asmjit\core\raassignment_p.h">
      <Filter>core</Filter>
    </ClInclude>
    <ClInclude Include="asmjit\core\rabuilders_p.h">
      <Filter>core</Filter>
    </ClInclude>
    <ClInclude Include="asmjit\core\radefs_p.h">
      <Filter>core</Filter>
    </ClInclude>
    <ClInclude Include="asmjit\core\ralocal_p.h">
      <Filter>core</Filter>
    </ClInclude>
    <ClInclude Include="asmjit\core\rapass_p.h">
      <Filter>core</Filter>
    </ClInclude>
    <ClInclude Include="asmjit\core\rastack_p.h">
      <Filter>core</Filter>
    </ClInclude>
    <ClInclude Include="asmjit\core\string.h">
      <Filter>core</Filter>
    </ClInclude>
    <ClInclude Include="asmjit\core\support.h">
      <Filter>core</Filter>
    </ClInclude>
    <ClInclude Include="asmjit\core\target.h">
      <Filter>core</Filter>
    </ClInclude>
    <ClInclude Include="asmjit\core\type.h">
      <Filter>core</Filter>
    </ClInclude>
    <ClInclude Include="asmjit\core\virtmem.h">
      <Filter>core</Filter>
    </ClInclude>
    <ClInclude Include="asmjit\core\zone.h">
      <Filter>core</Filter>
    </ClInclude>
    <ClInclude Include="asmjit\core\zonehash.h">
      <Filter>core</Filter>
    </ClInclude>
    <ClInclude Include="asmjit\core\zonelist.h">
      <Filter>core</Filter>
    </ClInclude>
    <ClInclude Include="asmjit\core\zonestack.h">
      <Filter>core</Filter>
    </ClInclude>
    <ClInclude Include="asmjit\core\zonestring.h">
      <Filter>core</Filter>
    </ClInclude>
    <ClInclude Include="asmjit\core\zonetree.h">
      <Filter>core</Filter>
    </ClInclude>
    <ClInclude Include="asmjit\core\zonevector.h">
      <Filter>core</Filter>
    </ClInclude>
    <ClInclude Include="asmjit\core\api-build_p.h">
      <Filter>core</Filter>
    </ClInclude>
    <ClInclude Include="asmjit\core\api-config.h">
      <Filter>core</Filter>
    </ClInclude>
    <ClInclude Include="asmjit\core\archcommons.h">
      <Filter>core</Filter>
    </ClInclude>
    <ClInclude Include="asmjit\core\archtraits.h">
      <Filter>core</Filter>
    </ClInclude>
  </ItemGroup>
  <ItemGroup>
    <ClCompile Include="asmjit\x86\x86func.cpp">
      <Filter>x86</Filter>
    </ClCompile>
    <ClCompile Include="asmjit\x86\x86instapi.cpp">
      <Filter>x86</Filter>
    </ClCompile>
    <ClCompile Include="asmjit\x86\x86instdb.cpp">
      <Filter>x86</Filter>
    </ClCompile>
    <ClCompile Include="asmjit\x86\x86operand.cpp">
      <Filter>x86</Filter>
    </ClCompile>
    <ClCompile Include="asmjit\x86\x86rapass.cpp">
      <Filter>x86</Filter>
    </ClCompile>
    <ClCompile Include="asmjit\x86\x86assembler.cpp">
      <Filter>x86</Filter>
    </ClCompile>
    <ClCompile Include="asmjit\x86\x86builder.cpp">
      <Filter>x86</Filter>
    </ClCompile>
    <ClCompile Include="asmjit\x86\x86compiler.cpp">
      <Filter>x86</Filter>
    </ClCompile>
    <ClCompile Include="asmjit\x86\x86emithelper.cpp">
      <Filter>x86</Filter>
    </ClCompile>
    <ClCompile Include="asmjit\x86\x86formatter.cpp">
      <Filter>x86</Filter>
    </ClCompile>
    <ClCompile Include="asmjit\core\builder.cpp">
      <Filter>core</Filter>
    </ClCompile>
    <ClCompile Include="asmjit\core\codeholder.cpp">
      <Filter>core</Filter>
    </ClCompile>
    <ClCompile Include="asmjit\core\codewriter.cpp">
      <Filter>core</Filter>
    </ClCompile>
    <ClCompile Include="asmjit\core\compiler.cpp">
      <Filter>core</Filter>
    </ClCompile>
    <ClCompile Include="asmjit\core\constpool.cpp">
      <Filter>core</Filter>
    </ClCompile>
    <ClCompile Include="asmjit\core\cpuinfo.cpp">
      <Filter>core</Filter>
    </ClCompile>
    <ClCompile Include="asmjit\core\emithelper.cpp">
      <Filter>core</Filter>
    </ClCompile>
    <ClCompile Include="asmjit\core\emitter.cpp">
      <Filter>core</Filter>
    </ClCompile>
    <ClCompile Include="asmjit\core\emitterutils.cpp">
      <Filter>core</Filter>
    </ClCompile>
    <ClCompile Include="asmjit\core\environment.cpp">
      <Filter>core</Filter>
    </ClCompile>
    <ClCompile Include="asmjit\core\errorhandler.cpp">
      <Filter>core</Filter>
    </ClCompile>
    <ClCompile Include="asmjit\core\formatter.cpp">
      <Filter>core</Filter>
    </ClCompile>
    <ClCompile Include="asmjit\core\func.cpp">
      <Filter>core</Filter>
    </ClCompile>
    <ClCompile Include="asmjit\core\funcargscontext.cpp">
      <Filter>core</Filter>
    </ClCompile>
    <ClCompile Include="asmjit\core\globals.cpp">
      <Filter>core</Filter>
    </ClCompile>
    <ClCompile Include="asmjit\core\inst.cpp">
      <Filter>core</Filter>
    </ClCompile>
    <ClCompile Include="asmjit\core\jitallocator.cpp">
      <Filter>core</Filter>
    </ClCompile>
    <ClCompile Include="asmjit\core\jitruntime.cpp">
      <Filter>core</Filter>
    </ClCompile>
    <ClCompile Include="asmjit\core\logger.cpp">
      <Filter>core</Filter>
    </ClCompile>
    <ClCompile Include="asmjit\core\operand.cpp">
      <Filter>core</Filter>
    </ClCompile>
    <ClCompile Include="asmjit\core\osutils.cpp">
      <Filter>core</Filter>
    </ClCompile>
    <ClCompile Include="asmjit\core\ralocal.cpp">
      <Filter>core</Filter>
    </ClCompile>
    <ClCompile Include="asmjit\core\rapass.cpp">
      <Filter>core</Filter>
    </ClCompile>
    <ClCompile Include="asmjit\core\rastack.cpp">
      <Filter>core</Filter>
    </ClCompile>
    <ClCompile Include="asmjit\core\string.cpp">
      <Filter>core</Filter>
    </ClCompile>
    <ClCompile Include="asmjit\core\support.cpp">
      <Filter>core</Filter>
    </ClCompile>
    <ClCompile Include="asmjit\core\target.cpp">
      <Filter>core</Filter>
    </ClCompile>
    <ClCompile Include="asmjit\core\type.cpp">
      <Filter>core</Filter>
    </ClCompile>
    <ClCompile Include="asmjit\core\virtmem.cpp">
      <Filter>core</Filter>
    </ClCompile>
    <ClCompile Include="asmjit\core\zone.cpp">
      <Filter>core</Filter>
    </ClCompile>
    <ClCompile Include="asmjit\core\zonehash.cpp">
      <Filter>core</Filter>
    </ClCompile>
    <ClCompile Include="asmjit\core\zonelist.cpp">
      <Filter>core</Filter>
    </ClCompile>
    <ClCompile Include="asmjit\core\zonestack.cpp">
      <Filter>core</Filter>
    </ClCompile>
    <ClCompile Include="asmjit\core\zonetree.cpp">
      <Filter>core</Filter>
    </ClCompile>
    <ClCompile Include="asmjit\core\zonevector.cpp">
      <Filter>core</Filter>
    </ClCompile>
    <ClCompile Include="asmjit\core\archtraits.cpp">
      <Filter>core</Filter>
    </ClCompile>
    <ClCompile Include="asmjit\core\assembler.cpp">
      <Filter>core</Filter>
    </ClCompile>
  </ItemGroup>
</Project>